
Microsoft Visual Studio Solution File, Format Version 12.00
# Visual Studio Version 16
VisualStudioVersion = 16.0.31321.278
MinimumVisualStudioVersion = 10.0.40219.1
Project("{FAE04EC0-301F-11D3-BF4B-00C04F79EFBC}") = "VoidMethodAssignment", "VoidMethodAssignment\VoidMethodAssignment.csproj", "{FDE0523F-E84A-4C32-908E-FFDBB1972C32}"
EndProject
Global
	GlobalSection(SolutionConfigurationPlatforms) = preSolution
		Debug|Any CPU = Debug|Any CPU
		Release|Any CPU = Release|Any CPU
	EndGlobalSection
	GlobalSection(ProjectConfigurationPlatforms) = postSolution
		{FDE0523F-E84A-4C32-908E-FFDBB1972C32}.Debug|Any CPU.ActiveCfg = Debug|Any CPU
		{FDE0523F-E84A-4C32-908E-FFDBB1972C32}.Debug|Any CPU.Build.0 = Debug|Any CPU
		{FDE0523F-E84A-4C32-908E-FFDBB1972C32}.Release|Any CPU.ActiveCfg = Release|Any CPU
		{FDE0523F-E84A-4C32-908E-FFDBB1972C32}.Release|Any CPU.Build.0 = Release|Any CPU
	EndGlobalSection
	GlobalSection(SolutionProperties) = preSolution
		HideSolutionNode = FALSE
	EndGlobalSection
	GlobalSection(ExtensibilityGlobals) = postSolution
		SolutionGuid = {27BB2FB6-B61C-4632-BCD0-6F879B9872EA}
	EndGlobalSection
EndGlobal
