
Microsoft Visual Studio Solution File, Format Version 12.00
# Visual Studio Version 16
VisualStudioVersion = 16.0.31321.278
MinimumVisualStudioVersion = 10.0.40219.1
Project("{FAE04EC0-301F-11D3-BF4B-00C04F79EFBC}") = "BranchingAssignment", "BranchingAssignment\BranchingAssignment.csproj", "{49522E92-CBBD-464C-B008-FB947586240D}"
EndProject
Global
	GlobalSection(SolutionConfigurationPlatforms) = preSolution
		Debug|Any CPU = Debug|Any CPU
		Release|Any CPU = Release|Any CPU
	EndGlobalSection
	GlobalSection(ProjectConfigurationPlatforms) = postSolution
		{49522E92-CBBD-464C-B008-FB947586240D}.Debug|Any CPU.ActiveCfg = Debug|Any CPU
		{49522E92-CBBD-464C-B008-FB947586240D}.Debug|Any CPU.Build.0 = Debug|Any CPU
		{49522E92-CBBD-464C-B008-FB947586240D}.Release|Any CPU.ActiveCfg = Release|Any CPU
		{49522E92-CBBD-464C-B008-FB947586240D}.Release|Any CPU.Build.0 = Release|Any CPU
	EndGlobalSection
	GlobalSection(SolutionProperties) = preSolution
		HideSolutionNode = FALSE
	EndGlobalSection
	GlobalSection(ExtensibilityGlobals) = postSolution
		SolutionGuid = {41C61776-6336-41EF-96D4-2593630E8BCE}
	EndGlobalSection
EndGlobal
