
Microsoft Visual Studio Solution File, Format Version 12.00
# Visual Studio Version 16
VisualStudioVersion = 16.0.31321.278
MinimumVisualStudioVersion = 10.0.40219.1
Project("{FAE04EC0-301F-11D3-BF4B-00C04F79EFBC}") = "ArrayAssignment", "ArrayAssignment\ArrayAssignment.csproj", "{AE5064B7-5E64-4C3B-97A5-3B30C06E9B30}"
EndProject
Global
	GlobalSection(SolutionConfigurationPlatforms) = preSolution
		Debug|Any CPU = Debug|Any CPU
		Release|Any CPU = Release|Any CPU
	EndGlobalSection
	GlobalSection(ProjectConfigurationPlatforms) = postSolution
		{AE5064B7-5E64-4C3B-97A5-3B30C06E9B30}.Debug|Any CPU.ActiveCfg = Debug|Any CPU
		{AE5064B7-5E64-4C3B-97A5-3B30C06E9B30}.Debug|Any CPU.Build.0 = Debug|Any CPU
		{AE5064B7-5E64-4C3B-97A5-3B30C06E9B30}.Release|Any CPU.ActiveCfg = Release|Any CPU
		{AE5064B7-5E64-4C3B-97A5-3B30C06E9B30}.Release|Any CPU.Build.0 = Release|Any CPU
	EndGlobalSection
	GlobalSection(SolutionProperties) = preSolution
		HideSolutionNode = FALSE
	EndGlobalSection
	GlobalSection(ExtensibilityGlobals) = postSolution
		SolutionGuid = {8CDDE532-B371-43E7-91E5-BDC71A18AB19}
	EndGlobalSection
EndGlobal
