
Microsoft Visual Studio Solution File, Format Version 12.00
# Visual Studio Version 16
VisualStudioVersion = 16.0.31321.278
MinimumVisualStudioVersion = 10.0.40219.1
Project("{FAE04EC0-301F-11D3-BF4B-00C04F79EFBC}") = "BooleanLogic", "BooleanLogic\BooleanLogic.csproj", "{AEE50CF5-4F6E-408D-9BF5-6D5A7875B9DD}"
EndProject
Global
	GlobalSection(SolutionConfigurationPlatforms) = preSolution
		Debug|Any CPU = Debug|Any CPU
		Release|Any CPU = Release|Any CPU
	EndGlobalSection
	GlobalSection(ProjectConfigurationPlatforms) = postSolution
		{AEE50CF5-4F6E-408D-9BF5-6D5A7875B9DD}.Debug|Any CPU.ActiveCfg = Debug|Any CPU
		{AEE50CF5-4F6E-408D-9BF5-6D5A7875B9DD}.Debug|Any CPU.Build.0 = Debug|Any CPU
		{AEE50CF5-4F6E-408D-9BF5-6D5A7875B9DD}.Release|Any CPU.ActiveCfg = Release|Any CPU
		{AEE50CF5-4F6E-408D-9BF5-6D5A7875B9DD}.Release|Any CPU.Build.0 = Release|Any CPU
	EndGlobalSection
	GlobalSection(SolutionProperties) = preSolution
		HideSolutionNode = FALSE
	EndGlobalSection
	GlobalSection(ExtensibilityGlobals) = postSolution
		SolutionGuid = {7FBAB6AF-6226-458B-B096-125BD99E821E}
	EndGlobalSection
EndGlobal
