
Microsoft Visual Studio Solution File, Format Version 12.00
# Visual Studio Version 16
VisualStudioVersion = 16.0.31321.278
MinimumVisualStudioVersion = 10.0.40219.1
Project("{FAE04EC0-301F-11D3-BF4B-00C04F79EFBC}") = "ClassAssignment", "ClassAssignment\ClassAssignment.csproj", "{1074C696-5651-4180-B9E8-01A0FD2689F7}"
EndProject
Global
	GlobalSection(SolutionConfigurationPlatforms) = preSolution
		Debug|Any CPU = Debug|Any CPU
		Release|Any CPU = Release|Any CPU
	EndGlobalSection
	GlobalSection(ProjectConfigurationPlatforms) = postSolution
		{1074C696-5651-4180-B9E8-01A0FD2689F7}.Debug|Any CPU.ActiveCfg = Debug|Any CPU
		{1074C696-5651-4180-B9E8-01A0FD2689F7}.Debug|Any CPU.Build.0 = Debug|Any CPU
		{1074C696-5651-4180-B9E8-01A0FD2689F7}.Release|Any CPU.ActiveCfg = Release|Any CPU
		{1074C696-5651-4180-B9E8-01A0FD2689F7}.Release|Any CPU.Build.0 = Release|Any CPU
	EndGlobalSection
	GlobalSection(SolutionProperties) = preSolution
		HideSolutionNode = FALSE
	EndGlobalSection
	GlobalSection(ExtensibilityGlobals) = postSolution
		SolutionGuid = {ADEDB40D-39DD-4524-8517-3A34EF0C783E}
	EndGlobalSection
EndGlobal
